
Microsoft Visual Studio Solution File, Format Version 12.00
# Visual Studio Version 17
VisualStudioVersion = 17.12.35707.178 d17.12
MinimumVisualStudioVersion = 10.0.40219.1
Project("{FAE04EC0-301F-11D3-BF4B-00C04F79EFBC}") = "backend", "backend\backend.csproj", "{67DEE89D-D320-46F9-A149-FE327D23B900}"
EndProject
Project("{54A90642-561A-4BB1-A94E-469ADEE60C69}") = "frontend", "frontend\frontend.esproj", "{EE1AFB22-A896-4ECA-B2AF-CAE6B54F90AD}"
EndProject
Global
	GlobalSection(SolutionConfigurationPlatforms) = preSolution
		Debug|Any CPU = Debug|Any CPU
		Release|Any CPU = Release|Any CPU
	EndGlobalSection
	GlobalSection(ProjectConfigurationPlatforms) = postSolution
		{67DEE89D-D320-46F9-A149-FE327D23B900}.Debug|Any CPU.ActiveCfg = Debug|Any CPU
		{67DEE89D-D320-46F9-A149-FE327D23B900}.Debug|Any CPU.Build.0 = Debug|Any CPU
		{67DEE89D-D320-46F9-A149-FE327D23B900}.Release|Any CPU.ActiveCfg = Release|Any CPU
		{67DEE89D-D320-46F9-A149-FE327D23B900}.Release|Any CPU.Build.0 = Release|Any CPU
		{EE1AFB22-A896-4ECA-B2AF-CAE6B54F90AD}.Debug|Any CPU.ActiveCfg = Debug|Any CPU
		{EE1AFB22-A896-4ECA-B2AF-CAE6B54F90AD}.Debug|Any CPU.Build.0 = Debug|Any CPU
		{EE1AFB22-A896-4ECA-B2AF-CAE6B54F90AD}.Debug|Any CPU.Deploy.0 = Debug|Any CPU
		{EE1AFB22-A896-4ECA-B2AF-CAE6B54F90AD}.Release|Any CPU.ActiveCfg = Release|Any CPU
		{EE1AFB22-A896-4ECA-B2AF-CAE6B54F90AD}.Release|Any CPU.Build.0 = Release|Any CPU
		{EE1AFB22-A896-4ECA-B2AF-CAE6B54F90AD}.Release|Any CPU.Deploy.0 = Release|Any CPU
	EndGlobalSection
	GlobalSection(SolutionProperties) = preSolution
		HideSolutionNode = FALSE
	EndGlobalSection
EndGlobal
